
Microsoft Visual Studio Solution File, Format Version 12.00
# Visual Studio Version 16
VisualStudioVersion = 16.0.30114.105
MinimumVisualStudioVersion = 10.0.40219.1
Project("{FAE04EC0-301F-11D3-BF4B-00C04F79EFBC}") = "ABComms", "ABComms\ABComms.csproj", "{D5745BDA-495F-4010-BE01-55C7313712A0}"
EndProject
Project("{FAE04EC0-301F-11D3-BF4B-00C04F79EFBC}") = "ABCommsTests", "ABCommsTests\ABCommsTests.csproj", "{2FEDC408-8E4A-47D0-BAFC-1E8AD46A1E41}"
EndProject
Global
	GlobalSection(SolutionConfigurationPlatforms) = preSolution
		Debug|Any CPU = Debug|Any CPU
		Release|Any CPU = Release|Any CPU
	EndGlobalSection
	GlobalSection(SolutionProperties) = preSolution
		HideSolutionNode = FALSE
	EndGlobalSection
	GlobalSection(ProjectConfigurationPlatforms) = postSolution
		{D5745BDA-495F-4010-BE01-55C7313712A0}.Debug|Any CPU.ActiveCfg = Debug|Any CPU
		{D5745BDA-495F-4010-BE01-55C7313712A0}.Debug|Any CPU.Build.0 = Debug|Any CPU
		{D5745BDA-495F-4010-BE01-55C7313712A0}.Release|Any CPU.ActiveCfg = Release|Any CPU
		{D5745BDA-495F-4010-BE01-55C7313712A0}.Release|Any CPU.Build.0 = Release|Any CPU
		{2FEDC408-8E4A-47D0-BAFC-1E8AD46A1E41}.Debug|Any CPU.ActiveCfg = Debug|Any CPU
		{2FEDC408-8E4A-47D0-BAFC-1E8AD46A1E41}.Debug|Any CPU.Build.0 = Debug|Any CPU
		{2FEDC408-8E4A-47D0-BAFC-1E8AD46A1E41}.Release|Any CPU.ActiveCfg = Release|Any CPU
		{2FEDC408-8E4A-47D0-BAFC-1E8AD46A1E41}.Release|Any CPU.Build.0 = Release|Any CPU
	EndGlobalSection
EndGlobal
